PODS:
  - Apollo (0.9.1):
    - Apollo/Core (= 0.9.1)
  - Apollo/Core (0.9.1)
  - Eureka (4.2.0)
  - VACalendar (1.2)

DEPENDENCIES:
  - Apollo (~> 0.9.1)
  - Eureka
  - VACalendar

SPEC REPOS:
  https://github.com/cocoapods/specs.git:
    - Apollo
    - Eureka
    - VACalendar

SPEC CHECKSUMS:
  Apollo: 308d9b7b4e2918c17bafb113cfbd65773c29ccd6
  Eureka: 0748c7bbb2560130e43c7bfa83e99c98854a1f42
  VACalendar: f189d1b713b8a38d85fe679afef5dc21105c6259

PODFILE CHECKSUM: 2eda35907f6f2a651daba1bd5a36f8d7389e584f

COCOAPODS: 1.5.3
